
Microsoft Visual Studio Solution File, Format Version 12.00
# Visual Studio Version 16
VisualStudioVersion = 16.0.29613.14
MinimumVisualStudioVersion = 10.0.40219.1
Project("{FAE04EC0-301F-11D3-BF4B-00C04F79EFBC}") = "19-1003", "19-1003\19-1003.csproj", "{501E2B76-98BC-40AA-A445-F0B74EF63B14}"
EndProject
Project("{FAE04EC0-301F-11D3-BF4B-00C04F79EFBC}") = "MachineLog", "..\Lib\MachineLog\MachineLog.csproj", "{2B8311DF-8301-43C0-8DD7-115AB2A6B329}"
EndProject
Project("{FAE04EC0-301F-11D3-BF4B-00C04F79EFBC}") = "AdvanTechDIOCard", "..\Lib\AdvanTechDIOCard\AdvanTechDIOCard.csproj", "{8EC6CCBE-16DE-44F6-9858-4ECAC9464DB4}"
EndProject
Project("{FAE04EC0-301F-11D3-BF4B-00C04F79EFBC}") = "SBDData", "..\Lib\SBDData\SBDData.csproj", "{2A159B3C-0DC3-44E4-A00E-17FF60D05938}"
EndProject
Project("{FAE04EC0-301F-11D3-BF4B-00C04F79EFBC}") = "mdTimer", "..\Lib\mdTimer\mdTimer.csproj", "{B7F1A7E4-8C26-43EA-BC16-8D8286DFD351}"
EndProject
Project("{FAE04EC0-301F-11D3-BF4B-00C04F79EFBC}") = "ClassLibraryCommonUse", "..\Lib\ClassLibraryCommonUse\ClassLibraryCommonUse.csproj", "{071F820A-2E51-467D-81B5-3E337190A1B8}"
EndProject
Global
	GlobalSection(SolutionConfigurationPlatforms) = preSolution
		Debug|Any CPU = Debug|Any CPU
		Debug|ARM = Debug|ARM
		Debug|ARM64 = Debug|ARM64
		Debug|x64 = Debug|x64
		Debug|x86 = Debug|x86
		Release|Any CPU = Release|Any CPU
		Release|ARM = Release|ARM
		Release|ARM64 = Release|ARM64
		Release|x64 = Release|x64
		Release|x86 = Release|x86
	EndGlobalSection
	GlobalSection(ProjectConfigurationPlatforms) = postSolution
		{501E2B76-98BC-40AA-A445-F0B74EF63B14}.Debug|Any CPU.ActiveCfg = Debug|Any CPU
		{501E2B76-98BC-40AA-A445-F0B74EF63B14}.Debug|Any CPU.Build.0 = Debug|Any CPU
		{501E2B76-98BC-40AA-A445-F0B74EF63B14}.Debug|ARM.ActiveCfg = Debug|Any CPU
		{501E2B76-98BC-40AA-A445-F0B74EF63B14}.Debug|ARM.Build.0 = Debug|Any CPU
		{501E2B76-98BC-40AA-A445-F0B74EF63B14}.Debug|ARM64.ActiveCfg = Debug|Any CPU
		{501E2B76-98BC-40AA-A445-F0B74EF63B14}.Debug|ARM64.Build.0 = Debug|Any CPU
		{501E2B76-98BC-40AA-A445-F0B74EF63B14}.Debug|x64.ActiveCfg = Debug|Any CPU
		{501E2B76-98BC-40AA-A445-F0B74EF63B14}.Debug|x64.Build.0 = Debug|Any CPU
		{501E2B76-98BC-40AA-A445-F0B74EF63B14}.Debug|x86.ActiveCfg = Debug|Any CPU
		{501E2B76-98BC-40AA-A445-F0B74EF63B14}.Debug|x86.Build.0 = Debug|Any CPU
		{501E2B76-98BC-40AA-A445-F0B74EF63B14}.Release|Any CPU.ActiveCfg = Release|Any CPU
		{501E2B76-98BC-40AA-A445-F0B74EF63B14}.Release|Any CPU.Build.0 = Release|Any CPU
		{501E2B76-98BC-40AA-A445-F0B74EF63B14}.Release|ARM.ActiveCfg = Release|Any CPU
		{501E2B76-98BC-40AA-A445-F0B74EF63B14}.Release|ARM.Build.0 = Release|Any CPU
		{501E2B76-98BC-40AA-A445-F0B74EF63B14}.Release|ARM64.ActiveCfg = Release|Any CPU
		{501E2B76-98BC-40AA-A445-F0B74EF63B14}.Release|ARM64.Build.0 = Release|Any CPU
		{501E2B76-98BC-40AA-A445-F0B74EF63B14}.Release|x64.ActiveCfg = Release|Any CPU
		{501E2B76-98BC-40AA-A445-F0B74EF63B14}.Release|x64.Build.0 = Release|Any CPU
		{501E2B76-98BC-40AA-A445-F0B74EF63B14}.Release|x86.ActiveCfg = Release|Any CPU
		{501E2B76-98BC-40AA-A445-F0B74EF63B14}.Release|x86.Build.0 = Release|Any CPU
		{2B8311DF-8301-43C0-8DD7-115AB2A6B329}.Debug|Any CPU.ActiveCfg = Debug|Any CPU
		{2B8311DF-8301-43C0-8DD7-115AB2A6B329}.Debug|Any CPU.Build.0 = Debug|Any CPU
		{2B8311DF-8301-43C0-8DD7-115AB2A6B329}.Debug|ARM.ActiveCfg = Debug|Any CPU
		{2B8311DF-8301-43C0-8DD7-115AB2A6B329}.Debug|ARM.Build.0 = Debug|Any CPU
		{2B8311DF-8301-43C0-8DD7-115AB2A6B329}.Debug|ARM64.ActiveCfg = Debug|Any CPU
		{2B8311DF-8301-43C0-8DD7-115AB2A6B329}.Debug|ARM64.Build.0 = Debug|Any CPU
		{2B8311DF-8301-43C0-8DD7-115AB2A6B329}.Debug|x64.ActiveCfg = Debug|Any CPU
		{2B8311DF-8301-43C0-8DD7-115AB2A6B329}.Debug|x64.Build.0 = Debug|Any CPU
		{2B8311DF-8301-43C0-8DD7-115AB2A6B329}.Debug|x86.ActiveCfg = Debug|Any CPU
		{2B8311DF-8301-43C0-8DD7-115AB2A6B329}.Debug|x86.Build.0 = Debug|Any CPU
		{2B8311DF-8301-43C0-8DD7-115AB2A6B329}.Release|Any CPU.ActiveCfg = Release|Any CPU
		{2B8311DF-8301-43C0-8DD7-115AB2A6B329}.Release|Any CPU.Build.0 = Release|Any CPU
		{2B8311DF-8301-43C0-8DD7-115AB2A6B329}.Release|ARM.ActiveCfg = Release|Any CPU
		{2B8311DF-8301-43C0-8DD7-115AB2A6B329}.Release|ARM.Build.0 = Release|Any CPU
		{2B8311DF-8301-43C0-8DD7-115AB2A6B329}.Release|ARM64.ActiveCfg = Release|Any CPU
		{2B8311DF-8301-43C0-8DD7-115AB2A6B329}.Release|ARM64.Build.0 = Release|Any CPU
		{2B8311DF-8301-43C0-8DD7-115AB2A6B329}.Release|x64.ActiveCfg = Release|Any CPU
		{2B8311DF-8301-43C0-8DD7-115AB2A6B329}.Release|x64.Build.0 = Release|Any CPU
		{2B8311DF-8301-43C0-8DD7-115AB2A6B329}.Release|x86.ActiveCfg = Release|Any CPU
		{2B8311DF-8301-43C0-8DD7-115AB2A6B329}.Release|x86.Build.0 = Release|Any CPU
		{8EC6CCBE-16DE-44F6-9858-4ECAC9464DB4}.Debug|Any CPU.ActiveCfg = Debug|Any CPU
		{8EC6CCBE-16DE-44F6-9858-4ECAC9464DB4}.Debug|Any CPU.Build.0 = Debug|Any CPU
		{8EC6CCBE-16DE-44F6-9858-4ECAC9464DB4}.Debug|ARM.ActiveCfg = Debug|Any CPU
		{8EC6CCBE-16DE-44F6-9858-4ECAC9464DB4}.Debug|ARM.Build.0 = Debug|Any CPU
		{8EC6CCBE-16DE-44F6-9858-4ECAC9464DB4}.Debug|ARM64.ActiveCfg = Debug|Any CPU
		{8EC6CCBE-16DE-44F6-9858-4ECAC9464DB4}.Debug|ARM64.Build.0 = Debug|Any CPU
		{8EC6CCBE-16DE-44F6-9858-4ECAC9464DB4}.Debug|x64.ActiveCfg = Debug|Any CPU
		{8EC6CCBE-16DE-44F6-9858-4ECAC9464DB4}.Debug|x64.Build.0 = Debug|Any CPU
		{8EC6CCBE-16DE-44F6-9858-4ECAC9464DB4}.Debug|x86.ActiveCfg = Debug|Any CPU
		{8EC6CCBE-16DE-44F6-9858-4ECAC9464DB4}.Debug|x86.Build.0 = Debug|Any CPU
		{8EC6CCBE-16DE-44F6-9858-4ECAC9464DB4}.Release|Any CPU.ActiveCfg = Release|Any CPU
		{8EC6CCBE-16DE-44F6-9858-4ECAC9464DB4}.Release|Any CPU.Build.0 = Release|Any CPU
		{8EC6CCBE-16DE-44F6-9858-4ECAC9464DB4}.Release|ARM.ActiveCfg = Release|Any CPU
		{8EC6CCBE-16DE-44F6-9858-4ECAC9464DB4}.Release|ARM.Build.0 = Release|Any CPU
		{8EC6CCBE-16DE-44F6-9858-4ECAC9464DB4}.Release|ARM64.ActiveCfg = Release|Any CPU
		{8EC6CCBE-16DE-44F6-9858-4ECAC9464DB4}.Release|ARM64.Build.0 = Release|Any CPU
		{8EC6CCBE-16DE-44F6-9858-4ECAC9464DB4}.Release|x64.ActiveCfg = Release|Any CPU
		{8EC6CCBE-16DE-44F6-9858-4ECAC9464DB4}.Release|x64.Build.0 = Release|Any CPU
		{8EC6CCBE-16DE-44F6-9858-4ECAC9464DB4}.Release|x86.ActiveCfg = Release|Any CPU
		{8EC6CCBE-16DE-44F6-9858-4ECAC9464DB4}.Release|x86.Build.0 = Release|Any CPU
		{2A159B3C-0DC3-44E4-A00E-17FF60D05938}.Debug|Any CPU.ActiveCfg = Debug|Any CPU
		{2A159B3C-0DC3-44E4-A00E-17FF60D05938}.Debug|Any CPU.Build.0 = Debug|Any CPU
		{2A159B3C-0DC3-44E4-A00E-17FF60D05938}.Debug|ARM.ActiveCfg = Debug|Any CPU
		{2A159B3C-0DC3-44E4-A00E-17FF60D05938}.Debug|ARM.Build.0 = Debug|Any CPU
		{2A159B3C-0DC3-44E4-A00E-17FF60D05938}.Debug|ARM64.ActiveCfg = Debug|Any CPU
		{2A159B3C-0DC3-44E4-A00E-17FF60D05938}.Debug|ARM64.Build.0 = Debug|Any CPU
		{2A159B3C-0DC3-44E4-A00E-17FF60D05938}.Debug|x64.ActiveCfg = Debug|Any CPU
		{2A159B3C-0DC3-44E4-A00E-17FF60D05938}.Debug|x64.Build.0 = Debug|Any CPU
		{2A159B3C-0DC3-44E4-A00E-17FF60D05938}.Debug|x86.ActiveCfg = Debug|Any CPU
		{2A159B3C-0DC3-44E4-A00E-17FF60D05938}.Debug|x86.Build.0 = Debug|Any CPU
		{2A159B3C-0DC3-44E4-A00E-17FF60D05938}.Release|Any CPU.ActiveCfg = Release|Any CPU
		{2A159B3C-0DC3-44E4-A00E-17FF60D05938}.Release|Any CPU.Build.0 = Release|Any CPU
		{2A159B3C-0DC3-44E4-A00E-17FF60D05938}.Release|ARM.ActiveCfg = Release|Any CPU
		{2A159B3C-0DC3-44E4-A00E-17FF60D05938}.Release|ARM.Build.0 = Release|Any CPU
		{2A159B3C-0DC3-44E4-A00E-17FF60D05938}.Release|ARM64.ActiveCfg = Release|Any CPU
		{2A159B3C-0DC3-44E4-A00E-17FF60D05938}.Release|ARM64.Build.0 = Release|Any CPU
		{2A159B3C-0DC3-44E4-A00E-17FF60D05938}.Release|x64.ActiveCfg = Release|Any CPU
		{2A159B3C-0DC3-44E4-A00E-17FF60D05938}.Release|x64.Build.0 = Release|Any CPU
		{2A159B3C-0DC3-44E4-A00E-17FF60D05938}.Release|x86.ActiveCfg = Release|Any CPU
		{2A159B3C-0DC3-44E4-A00E-17FF60D05938}.Release|x86.Build.0 = Release|Any CPU
		{B7F1A7E4-8C26-43EA-BC16-8D8286DFD351}.Debug|Any CPU.ActiveCfg = Debug|Any CPU
		{B7F1A7E4-8C26-43EA-BC16-8D8286DFD351}.Debug|Any CPU.Build.0 = Debug|Any CPU
		{B7F1A7E4-8C26-43EA-BC16-8D8286DFD351}.Debug|ARM.ActiveCfg = Debug|Any CPU
		{B7F1A7E4-8C26-43EA-BC16-8D8286DFD351}.Debug|ARM.Build.0 = Debug|Any CPU
		{B7F1A7E4-8C26-43EA-BC16-8D8286DFD351}.Debug|ARM64.ActiveCfg = Debug|Any CPU
		{B7F1A7E4-8C26-43EA-BC16-8D8286DFD351}.Debug|ARM64.Build.0 = Debug|Any CPU
		{B7F1A7E4-8C26-43EA-BC16-8D8286DFD351}.Debug|x64.ActiveCfg = Debug|Any CPU
		{B7F1A7E4-8C26-43EA-BC16-8D8286DFD351}.Debug|x64.Build.0 = Debug|Any CPU
		{B7F1A7E4-8C26-43EA-BC16-8D8286DFD351}.Debug|x86.ActiveCfg = Debug|Any CPU
		{B7F1A7E4-8C26-43EA-BC16-8D8286DFD351}.Debug|x86.Build.0 = Debug|Any CPU
		{B7F1A7E4-8C26-43EA-BC16-8D8286DFD351}.Release|Any CPU.ActiveCfg = Release|Any CPU
		{B7F1A7E4-8C26-43EA-BC16-8D8286DFD351}.Release|Any CPU.Build.0 = Release|Any CPU
		{B7F1A7E4-8C26-43EA-BC16-8D8286DFD351}.Release|ARM.ActiveCfg = Release|Any CPU
		{B7F1A7E4-8C26-43EA-BC16-8D8286DFD351}.Release|ARM.Build.0 = Release|Any CPU
		{B7F1A7E4-8C26-43EA-BC16-8D8286DFD351}.Release|ARM64.ActiveCfg = Release|Any CPU
		{B7F1A7E4-8C26-43EA-BC16-8D8286DFD351}.Release|ARM64.Build.0 = Release|Any CPU
		{B7F1A7E4-8C26-43EA-BC16-8D8286DFD351}.Release|x64.ActiveCfg = Release|Any CPU
		{B7F1A7E4-8C26-43EA-BC16-8D8286DFD351}.Release|x64.Build.0 = Release|Any CPU
		{B7F1A7E4-8C26-43EA-BC16-8D8286DFD351}.Release|x86.ActiveCfg = Release|Any CPU
		{B7F1A7E4-8C26-43EA-BC16-8D8286DFD351}.Release|x86.Build.0 = Release|Any CPU
		{071F820A-2E51-467D-81B5-3E337190A1B8}.Debug|Any CPU.ActiveCfg = Debug|Any CPU
		{071F820A-2E51-467D-81B5-3E337190A1B8}.Debug|Any CPU.Build.0 = Debug|Any CPU
		{071F820A-2E51-467D-81B5-3E337190A1B8}.Debug|ARM.ActiveCfg = Debug|Any CPU
		{071F820A-2E51-467D-81B5-3E337190A1B8}.Debug|ARM.Build.0 = Debug|Any CPU
		{071F820A-2E51-467D-81B5-3E337190A1B8}.Debug|ARM64.ActiveCfg = Debug|Any CPU
		{071F820A-2E51-467D-81B5-3E337190A1B8}.Debug|ARM64.Build.0 = Debug|Any CPU
		{071F820A-2E51-467D-81B5-3E337190A1B8}.Debug|x64.ActiveCfg = Debug|Any CPU
		{071F820A-2E51-467D-81B5-3E337190A1B8}.Debug|x64.Build.0 = Debug|Any CPU
		{071F820A-2E51-467D-81B5-3E337190A1B8}.Debug|x86.ActiveCfg = Debug|Any CPU
		{071F820A-2E51-467D-81B5-3E337190A1B8}.Debug|x86.Build.0 = Debug|Any CPU
		{071F820A-2E51-467D-81B5-3E337190A1B8}.Release|Any CPU.ActiveCfg = Release|Any CPU
		{071F820A-2E51-467D-81B5-3E337190A1B8}.Release|Any CPU.Build.0 = Release|Any CPU
		{071F820A-2E51-467D-81B5-3E337190A1B8}.Release|ARM.ActiveCfg = Release|Any CPU
		{071F820A-2E51-467D-81B5-3E337190A1B8}.Release|ARM.Build.0 = Release|Any CPU
		{071F820A-2E51-467D-81B5-3E337190A1B8}.Release|ARM64.ActiveCfg = Release|Any CPU
		{071F820A-2E51-467D-81B5-3E337190A1B8}.Release|ARM64.Build.0 = Release|Any CPU
		{071F820A-2E51-467D-81B5-3E337190A1B8}.Release|x64.ActiveCfg = Release|Any CPU
		{071F820A-2E51-467D-81B5-3E337190A1B8}.Release|x64.Build.0 = Release|Any CPU
		{071F820A-2E51-467D-81B5-3E337190A1B8}.Release|x86.ActiveCfg = Release|Any CPU
		{071F820A-2E51-467D-81B5-3E337190A1B8}.Release|x86.Build.0 = Release|Any CPU
	EndGlobalSection
	GlobalSection(SolutionProperties) = preSolution
		HideSolutionNode = FALSE
	EndGlobalSection
	GlobalSection(ExtensibilityGlobals) = postSolution
		SolutionGuid = {858360D6-260E-4FA2-BDDF-47279B62A416}
	EndGlobalSection
EndGlobal
